
Microsoft Visual Studio Solution File, Format Version 12.00
# Visual Studio Version 17
VisualStudioVersion = 17.9.34622.214
MinimumVisualStudioVersion = 10.0.40219.1
Project("{9A19103F-16F7-4668-BE54-9A1E7A4F7556}") = "KayaKafka", "KayaKafka\KayaKafka.csproj", "{02239AEA-6F4D-4F31-B672-1C7FCD5928A6}"
EndProject
Project("{9A19103F-16F7-4668-BE54-9A1E7A4F7556}") = "ConsumerConsoleApp", "ConsumerConsoleApp\ConsumerConsoleApp.csproj", "{4E48636F-9D76-41E5-B10D-DCD0048724BA}"
EndProject
Project("{9A19103F-16F7-4668-BE54-9A1E7A4F7556}") = "KafkaServices", "KafkaServices\KafkaServices.csproj", "{8A3E88BD-7F7E-4ED7-832B-9F7979FB1963}"
EndProject
Project("{2150E333-8FDC-42A3-9474-1A3956D46DE8}") = "Solution Items", "Solution Items", "{266C6D63-6BD5-48A3-83C1-2241168E038F}"
	ProjectSection(SolutionItems) = preProject
		docker-compose.yml = docker-compose.yml
	EndProjectSection
EndProject
Global
	GlobalSection(SolutionConfigurationPlatforms) = preSolution
		Debug|Any CPU = Debug|Any CPU
		Release|Any CPU = Release|Any CPU
	EndGlobalSection
	GlobalSection(ProjectConfigurationPlatforms) = postSolution
		{02239AEA-6F4D-4F31-B672-1C7FCD5928A6}.Debug|Any CPU.ActiveCfg = Debug|Any CPU
		{02239AEA-6F4D-4F31-B672-1C7FCD5928A6}.Debug|Any CPU.Build.0 = Debug|Any CPU
		{02239AEA-6F4D-4F31-B672-1C7FCD5928A6}.Release|Any CPU.ActiveCfg = Release|Any CPU
		{02239AEA-6F4D-4F31-B672-1C7FCD5928A6}.Release|Any CPU.Build.0 = Release|Any CPU
		{4E48636F-9D76-41E5-B10D-DCD0048724BA}.Debug|Any CPU.ActiveCfg = Debug|Any CPU
		{4E48636F-9D76-41E5-B10D-DCD0048724BA}.Debug|Any CPU.Build.0 = Debug|Any CPU
		{4E48636F-9D76-41E5-B10D-DCD0048724BA}.Release|Any CPU.ActiveCfg = Release|Any CPU
		{4E48636F-9D76-41E5-B10D-DCD0048724BA}.Release|Any CPU.Build.0 = Release|Any CPU
		{8A3E88BD-7F7E-4ED7-832B-9F7979FB1963}.Debug|Any CPU.ActiveCfg = Debug|Any CPU
		{8A3E88BD-7F7E-4ED7-832B-9F7979FB1963}.Debug|Any CPU.Build.0 = Debug|Any CPU
		{8A3E88BD-7F7E-4ED7-832B-9F7979FB1963}.Release|Any CPU.ActiveCfg = Release|Any CPU
		{8A3E88BD-7F7E-4ED7-832B-9F7979FB1963}.Release|Any CPU.Build.0 = Release|Any CPU
	EndGlobalSection
	GlobalSection(SolutionProperties) = preSolution
		HideSolutionNode = FALSE
	EndGlobalSection
	GlobalSection(ExtensibilityGlobals) = postSolution
		SolutionGuid = {E361625A-3DC6-4B6E-B52F-6418EF15BAF8}
	EndGlobalSection
EndGlobal
